
Microsoft Visual Studio Solution File, Format Version 12.00
# Visual Studio Version 17
VisualStudioVersion = 17.14.36221.1 d17.14
MinimumVisualStudioVersion = 10.0.40219.1
Project("{FAE04EC0-301F-11D3-BF4B-00C04F79EFBC}") = "Day3", "Day3\Day3.csproj", "{C4A84740-EF79-4950-888B-C3F6B3241E88}"
EndProject
Global
	GlobalSection(SolutionConfigurationPlatforms) = preSolution
		Debug|Any CPU = Debug|Any CPU
		Release|Any CPU = Release|Any CPU
	EndGlobalSection
	GlobalSection(ProjectConfigurationPlatforms) = postSolution
		{C4A84740-EF79-4950-888B-C3F6B3241E88}.Debug|Any CPU.ActiveCfg = Debug|Any CPU
		{C4A84740-EF79-4950-888B-C3F6B3241E88}.Debug|Any CPU.Build.0 = Debug|Any CPU
		{C4A84740-EF79-4950-888B-C3F6B3241E88}.Release|Any CPU.ActiveCfg = Release|Any CPU
		{C4A84740-EF79-4950-888B-C3F6B3241E88}.Release|Any CPU.Build.0 = Release|Any CPU
	EndGlobalSection
	GlobalSection(SolutionProperties) = preSolution
		HideSolutionNode = FALSE
	EndGlobalSection
	GlobalSection(ExtensibilityGlobals) = postSolution
		SolutionGuid = {0D774E56-3674-4A28-929D-F97EE7D25A98}
	EndGlobalSection
EndGlobal
