
Microsoft Visual Studio Solution File, Format Version 12.00
# Visual Studio Version 17
VisualStudioVersion = 17.14.36221.1
MinimumVisualStudioVersion = 10.0.40219.1
Project("{FAE04EC0-301F-11D3-BF4B-00C04F79EFBC}") = "01_Demo_EmptyTemplate", "WebApplication1\01_Demo_EmptyTemplate.csproj", "{41FAB807-4E7B-4B71-B56F-0C8EACA6999C}"
EndProject
Project("{FAE04EC0-301F-11D3-BF4B-00C04F79EFBC}") = "02_Demo_Basics", "02_Demo_Basics\02_Demo_Basics.csproj", "{DE8267E8-87BE-40FC-8FEB-8B9F0595456E}"
EndProject
Project("{2150E333-8FDC-42A3-9474-1A3956D46DE8}") = "Solution Items", "Solution Items", "{02EA681E-C7D8-13C7-8484-4AC65E1B71E8}"
EndProject
Project("{FAE04EC0-301F-11D3-BF4B-00C04F79EFBC}") = "03_Demo_ConventialRouting", "03_Demo_ConventialRouting\03_Demo_ConventialRouting.csproj", "{4E1E0F6B-41E2-4985-BEDE-76F39AEFC2F8}"
EndProject
Project("{FAE04EC0-301F-11D3-BF4B-00C04F79EFBC}") = "04_AttributeRouting", "04_AttributeRouting\04_AttributeRouting.csproj", "{3310CE7B-A5FA-4A7F-99A6-611CACE4C11B}"
EndProject
Project("{FAE04EC0-301F-11D3-BF4B-00C04F79EFBC}") = "05_Demo_Return_TypeOfAction", "05_Demo_Return_TypeOfAction\05_Demo_Return_TypeOfAction.csproj", "{9285069B-C439-4CBA-B898-B3278F33A92F}"
EndProject
Project("{FAE04EC0-301F-11D3-BF4B-00C04F79EFBC}") = "06_ViewBag_ViewData_TempData", "06_ViewBag_ViewData_TempData\06_ViewBag_ViewData_TempData.csproj", "{48739322-BA99-4DB7-9615-0CEE85A6F2FA}"
EndProject
Global
	GlobalSection(SolutionConfigurationPlatforms) = preSolution
		Debug|Any CPU = Debug|Any CPU
		Release|Any CPU = Release|Any CPU
	EndGlobalSection
	GlobalSection(ProjectConfigurationPlatforms) = postSolution
		{41FAB807-4E7B-4B71-B56F-0C8EACA6999C}.Debug|Any CPU.ActiveCfg = Debug|Any CPU
		{41FAB807-4E7B-4B71-B56F-0C8EACA6999C}.Debug|Any CPU.Build.0 = Debug|Any CPU
		{41FAB807-4E7B-4B71-B56F-0C8EACA6999C}.Release|Any CPU.ActiveCfg = Release|Any CPU
		{41FAB807-4E7B-4B71-B56F-0C8EACA6999C}.Release|Any CPU.Build.0 = Release|Any CPU
		{DE8267E8-87BE-40FC-8FEB-8B9F0595456E}.Debug|Any CPU.ActiveCfg = Debug|Any CPU
		{DE8267E8-87BE-40FC-8FEB-8B9F0595456E}.Debug|Any CPU.Build.0 = Debug|Any CPU
		{DE8267E8-87BE-40FC-8FEB-8B9F0595456E}.Release|Any CPU.ActiveCfg = Release|Any CPU
		{DE8267E8-87BE-40FC-8FEB-8B9F0595456E}.Release|Any CPU.Build.0 = Release|Any CPU
		{4E1E0F6B-41E2-4985-BEDE-76F39AEFC2F8}.Debug|Any CPU.ActiveCfg = Debug|Any CPU
		{4E1E0F6B-41E2-4985-BEDE-76F39AEFC2F8}.Debug|Any CPU.Build.0 = Debug|Any CPU
		{4E1E0F6B-41E2-4985-BEDE-76F39AEFC2F8}.Release|Any CPU.ActiveCfg = Release|Any CPU
		{4E1E0F6B-41E2-4985-BEDE-76F39AEFC2F8}.Release|Any CPU.Build.0 = Release|Any CPU
		{3310CE7B-A5FA-4A7F-99A6-611CACE4C11B}.Debug|Any CPU.ActiveCfg = Debug|Any CPU
		{3310CE7B-A5FA-4A7F-99A6-611CACE4C11B}.Debug|Any CPU.Build.0 = Debug|Any CPU
		{3310CE7B-A5FA-4A7F-99A6-611CACE4C11B}.Release|Any CPU.ActiveCfg = Release|Any CPU
		{3310CE7B-A5FA-4A7F-99A6-611CACE4C11B}.Release|Any CPU.Build.0 = Release|Any CPU
		{9285069B-C439-4CBA-B898-B3278F33A92F}.Debug|Any CPU.ActiveCfg = Debug|Any CPU
		{9285069B-C439-4CBA-B898-B3278F33A92F}.Debug|Any CPU.Build.0 = Debug|Any CPU
		{9285069B-C439-4CBA-B898-B3278F33A92F}.Release|Any CPU.ActiveCfg = Release|Any CPU
		{9285069B-C439-4CBA-B898-B3278F33A92F}.Release|Any CPU.Build.0 = Release|Any CPU
		{48739322-BA99-4DB7-9615-0CEE85A6F2FA}.Debug|Any CPU.ActiveCfg = Debug|Any CPU
		{48739322-BA99-4DB7-9615-0CEE85A6F2FA}.Debug|Any CPU.Build.0 = Debug|Any CPU
		{48739322-BA99-4DB7-9615-0CEE85A6F2FA}.Release|Any CPU.ActiveCfg = Release|Any CPU
		{48739322-BA99-4DB7-9615-0CEE85A6F2FA}.Release|Any CPU.Build.0 = Release|Any CPU
	EndGlobalSection
	GlobalSection(SolutionProperties) = preSolution
		HideSolutionNode = FALSE
	EndGlobalSection
	GlobalSection(NestedProjects) = preSolution
		{9285069B-C439-4CBA-B898-B3278F33A92F} = {02EA681E-C7D8-13C7-8484-4AC65E1B71E8}
	EndGlobalSection
	GlobalSection(ExtensibilityGlobals) = postSolution
		SolutionGuid = {2FB49993-B57B-4C8F-A33A-B39E3AC499D5}
	EndGlobalSection
EndGlobal
